
Microsoft Visual Studio Solution File, Format Version 12.00
# Visual Studio 2013
VisualStudioVersion = 12.0.40629.0
MinimumVisualStudioVersion = 10.0.40219.1
Project("{FAE04EC0-301F-11D3-BF4B-00C04F79EFBC}") = "WebApplication1", "WebApplication1\WebApplication1.csproj", "{2C5419A0-884A-46FE-AC43-F043247D5717}"
EndProject
Project("{FAE04EC0-301F-11D3-BF4B-00C04F79EFBC}") = "SeleniumTest", "SeleniumTest\SeleniumTest.csproj", "{650AFE28-E49B-4CF8-90D5-E98C825A0075}"
EndProject
Global
	GlobalSection(SolutionConfigurationPlatforms) = preSolution
		Debug|Any CPU = Debug|Any CPU
		Release|Any CPU = Release|Any CPU
	EndGlobalSection
	GlobalSection(ProjectConfigurationPlatforms) = postSolution
		{2C5419A0-884A-46FE-AC43-F043247D5717}.Debug|Any CPU.ActiveCfg = Debug|Any CPU
		{2C5419A0-884A-46FE-AC43-F043247D5717}.Debug|Any CPU.Build.0 = Debug|Any CPU
		{2C5419A0-884A-46FE-AC43-F043247D5717}.Release|Any CPU.ActiveCfg = Release|Any CPU
		{2C5419A0-884A-46FE-AC43-F043247D5717}.Release|Any CPU.Build.0 = Release|Any CPU
		{650AFE28-E49B-4CF8-90D5-E98C825A0075}.Debug|Any CPU.ActiveCfg = Debug|Any CPU
		{650AFE28-E49B-4CF8-90D5-E98C825A0075}.Debug|Any CPU.Build.0 = Debug|Any CPU
		{650AFE28-E49B-4CF8-90D5-E98C825A0075}.Release|Any CPU.ActiveCfg = Release|Any CPU
		{650AFE28-E49B-4CF8-90D5-E98C825A0075}.Release|Any CPU.Build.0 = Release|Any CPU
	EndGlobalSection
	GlobalSection(SolutionProperties) = preSolution
		HideSolutionNode = FALSE
	EndGlobalSection
EndGlobal
